
Microsoft Visual Studio Solution File, Format Version 12.00
# Visual Studio Version 17
VisualStudioVersion = 17.5.33627.172
MinimumVisualStudioVersion = 10.0.40219.1
Project("{9A19103F-16F7-4668-BE54-9A1E7A4F7556}") = "Programa", "Programa\Programa.csproj", "{985C39C6-85E1-4733-ACFD-FE342A48D108}"
EndProject
Global
	GlobalSection(SolutionConfigurationPlatforms) = preSolution
		Debug|Any CPU = Debug|Any CPU
		Release|Any CPU = Release|Any CPU
	EndGlobalSection
	GlobalSection(ProjectConfigurationPlatforms) = postSolution
		{985C39C6-85E1-4733-ACFD-FE342A48D108}.Debug|Any CPU.ActiveCfg = Debug|Any CPU
		{985C39C6-85E1-4733-ACFD-FE342A48D108}.Debug|Any CPU.Build.0 = Debug|Any CPU
		{985C39C6-85E1-4733-ACFD-FE342A48D108}.Release|Any CPU.ActiveCfg = Release|Any CPU
		{985C39C6-85E1-4733-ACFD-FE342A48D108}.Release|Any CPU.Build.0 = Release|Any CPU
	EndGlobalSection
	GlobalSection(SolutionProperties) = preSolution
		HideSolutionNode = FALSE
	EndGlobalSection
	GlobalSection(ExtensibilityGlobals) = postSolution
		SolutionGuid = {1607FFFA-914A-4E34-90D4-46EA4C9E08C5}
	EndGlobalSection
EndGlobal
