
Microsoft Visual Studio Solution File, Format Version 12.00
# Visual Studio Version 17
VisualStudioVersion = 17.5.33502.453
MinimumVisualStudioVersion = 10.0.40219.1
Project("{9A19103F-16F7-4668-BE54-9A1E7A4F7556}") = "Geometria", "Geometria\Geometria.csproj", "{AC6E6026-DB32-4EF2-8592-8BCA2C306296}"
EndProject
Project("{FAE04EC0-301F-11D3-BF4B-00C04F79EFBC}") = "PruebaConsola", "PruebaConsola\PruebaConsola.csproj", "{019DE7BC-A65F-46FD-BBBA-1B5BD878D7D8}"
EndProject
Global
	GlobalSection(SolutionConfigurationPlatforms) = preSolution
		Debug|Any CPU = Debug|Any CPU
		Release|Any CPU = Release|Any CPU
	EndGlobalSection
	GlobalSection(ProjectConfigurationPlatforms) = postSolution
		{AC6E6026-DB32-4EF2-8592-8BCA2C306296}.Debug|Any CPU.ActiveCfg = Debug|Any CPU
		{AC6E6026-DB32-4EF2-8592-8BCA2C306296}.Debug|Any CPU.Build.0 = Debug|Any CPU
		{AC6E6026-DB32-4EF2-8592-8BCA2C306296}.Release|Any CPU.ActiveCfg = Release|Any CPU
		{AC6E6026-DB32-4EF2-8592-8BCA2C306296}.Release|Any CPU.Build.0 = Release|Any CPU
		{019DE7BC-A65F-46FD-BBBA-1B5BD878D7D8}.Debug|Any CPU.ActiveCfg = Debug|Any CPU
		{019DE7BC-A65F-46FD-BBBA-1B5BD878D7D8}.Debug|Any CPU.Build.0 = Debug|Any CPU
		{019DE7BC-A65F-46FD-BBBA-1B5BD878D7D8}.Release|Any CPU.ActiveCfg = Release|Any CPU
		{019DE7BC-A65F-46FD-BBBA-1B5BD878D7D8}.Release|Any CPU.Build.0 = Release|Any CPU
	EndGlobalSection
	GlobalSection(SolutionProperties) = preSolution
		HideSolutionNode = FALSE
	EndGlobalSection
	GlobalSection(ExtensibilityGlobals) = postSolution
		SolutionGuid = {8E75C0C3-44DC-40A8-B379-2435B0749B5E}
	EndGlobalSection
EndGlobal
