
Microsoft Visual Studio Solution File, Format Version 12.00
# Visual Studio Version 17
VisualStudioVersion = 17.5.33502.453
MinimumVisualStudioVersion = 10.0.40219.1
Project("{9A19103F-16F7-4668-BE54-9A1E7A4F7556}") = "Ejercicio02", "Ejercicio02\Ejercicio02.csproj", "{D2A30DB9-F0E6-41B3-89E2-A3C72C93A692}"
EndProject
Project("{FAE04EC0-301F-11D3-BF4B-00C04F79EFBC}") = "Ejercicio01", "Ejercicio01\Ejercicio01.csproj", "{04C8A856-E997-48CF-8202-44D87F33F51D}"
EndProject
Project("{FAE04EC0-301F-11D3-BF4B-00C04F79EFBC}") = "Ejercicio03", "Ejercicio03\Ejercicio03.csproj", "{A28582F7-EC04-4AF1-9F6B-B900309F0A06}"
EndProject
Project("{FAE04EC0-301F-11D3-BF4B-00C04F79EFBC}") = "Ejercicio04", "Ejercicio04\Ejercicio04.csproj", "{D6721B1B-D5D7-4016-8002-FB3A4DF2E8A2}"
EndProject
Project("{FAE04EC0-301F-11D3-BF4B-00C04F79EFBC}") = "Ejercicio05", "Ejercicio05\Ejercicio05.csproj", "{1B46784A-1685-4EDA-8411-B2F3D1B1135C}"
EndProject
Global
	GlobalSection(SolutionConfigurationPlatforms) = preSolution
		Debug|Any CPU = Debug|Any CPU
		Release|Any CPU = Release|Any CPU
	EndGlobalSection
	GlobalSection(ProjectConfigurationPlatforms) = postSolution
		{D2A30DB9-F0E6-41B3-89E2-A3C72C93A692}.Debug|Any CPU.ActiveCfg = Debug|Any CPU
		{D2A30DB9-F0E6-41B3-89E2-A3C72C93A692}.Debug|Any CPU.Build.0 = Debug|Any CPU
		{D2A30DB9-F0E6-41B3-89E2-A3C72C93A692}.Release|Any CPU.ActiveCfg = Release|Any CPU
		{D2A30DB9-F0E6-41B3-89E2-A3C72C93A692}.Release|Any CPU.Build.0 = Release|Any CPU
		{04C8A856-E997-48CF-8202-44D87F33F51D}.Debug|Any CPU.ActiveCfg = Debug|Any CPU
		{04C8A856-E997-48CF-8202-44D87F33F51D}.Debug|Any CPU.Build.0 = Debug|Any CPU
		{04C8A856-E997-48CF-8202-44D87F33F51D}.Release|Any CPU.ActiveCfg = Release|Any CPU
		{04C8A856-E997-48CF-8202-44D87F33F51D}.Release|Any CPU.Build.0 = Release|Any CPU
		{A28582F7-EC04-4AF1-9F6B-B900309F0A06}.Debug|Any CPU.ActiveCfg = Debug|Any CPU
		{A28582F7-EC04-4AF1-9F6B-B900309F0A06}.Debug|Any CPU.Build.0 = Debug|Any CPU
		{A28582F7-EC04-4AF1-9F6B-B900309F0A06}.Release|Any CPU.ActiveCfg = Release|Any CPU
		{A28582F7-EC04-4AF1-9F6B-B900309F0A06}.Release|Any CPU.Build.0 = Release|Any CPU
		{D6721B1B-D5D7-4016-8002-FB3A4DF2E8A2}.Debug|Any CPU.ActiveCfg = Debug|Any CPU
		{D6721B1B-D5D7-4016-8002-FB3A4DF2E8A2}.Debug|Any CPU.Build.0 = Debug|Any CPU
		{D6721B1B-D5D7-4016-8002-FB3A4DF2E8A2}.Release|Any CPU.ActiveCfg = Release|Any CPU
		{D6721B1B-D5D7-4016-8002-FB3A4DF2E8A2}.Release|Any CPU.Build.0 = Release|Any CPU
		{1B46784A-1685-4EDA-8411-B2F3D1B1135C}.Debug|Any CPU.ActiveCfg = Debug|Any CPU
		{1B46784A-1685-4EDA-8411-B2F3D1B1135C}.Debug|Any CPU.Build.0 = Debug|Any CPU
		{1B46784A-1685-4EDA-8411-B2F3D1B1135C}.Release|Any CPU.ActiveCfg = Release|Any CPU
		{1B46784A-1685-4EDA-8411-B2F3D1B1135C}.Release|Any CPU.Build.0 = Release|Any CPU
	EndGlobalSection
	GlobalSection(SolutionProperties) = preSolution
		HideSolutionNode = FALSE
	EndGlobalSection
	GlobalSection(ExtensibilityGlobals) = postSolution
		SolutionGuid = {1F7D3F2F-2D2D-42E4-B083-C80EB003E4CE}
	EndGlobalSection
EndGlobal
